// !$*UTF8*$!
{
	archiveVersion = 1;
	classes = {
	};
	objectVersion = 55;
	objects = {

/* Begin PBXBuildFile section */
		AC94D182287F3F9D00D89479 /* AppDelegate.swift in Sources */ = {isa = PBXBuildFile; fileRef = AC94D181287F3F9D00D89479 /* AppDelegate.swift */; };
		AC94D184287F3F9D00D89479 /* SceneDelegate.swift in Sources */ = {isa = PBXBuildFile; fileRef = AC94D183287F3F9D00D89479 /* SceneDelegate.swift */; };
		AC94D186287F3F9D00D89479 /* ViewController.swift in Sources */ = {isa = PBXBuildFile; fileRef = AC94D185287F3F9D00D89479 /* ViewController.swift */; };
		AC94D189287F3F9D00D89479 /* Main.storyboard in Resources */ = {isa = PBXBuildFile; fileRef = AC94D187287F3F9D00D89479 /* Main.storyboard */; };
		AC94D18C287F3F9D00D89479 /* Manzara.xcdatamodeld in Sources */ = {isa = PBXBuildFile; fileRef = AC94D18A287F3F9D00D89479 /* Manzara.xcdatamodeld */; };
		AC94D18E287F3FA400D89479 /* Assets.xcassets in Resources */ = {isa = PBXBuildFile; fileRef = AC94D18D287F3FA400D89479 /* Assets.xcassets */; };
		AC94D191287F3FA400D89479 /* LaunchScreen.storyboard in Resources */ = {isa = PBXBuildFile; fileRef = AC94D18F287F3FA400D89479 /* LaunchScreen.storyboard */; };
		AC94D199287F41DB00D89479 /* DetailsViewController.swift in Sources */ = {isa = PBXBuildFile; fileRef = AC94D198287F41DB00D89479 /* DetailsViewController.swift */; };
/* End PBXBuildFile section */

/* Begin PBXFileReference section */
		AC94D17E287F3F9D00D89479 /* Manzara.app */ = {isa = PBXFileReference; explicitFileType = wrapper.application; includeInIndex = 0; path = Manzara.app; sourceTree = BUILT_PRODUCTS_DIR; };
		AC94D181287F3F9D00D89479 /* AppDelegate.swift */ = {isa = PBXFileReference; lastKnownFileType = sourcecode.swift; path = AppDelegate.swift; sourceTree = "<group>"; };
		AC94D183287F3F9D00D89479 /* SceneDelegate.swift */ = {isa = PBXFileReference; lastKnownFileType = sourcecode.swift; path = SceneDelegate.swift; sourceTree = "<group>"; };
		AC94D185287F3F9D00D89479 /* ViewController.swift */ = {isa = PBXFileReference; lastKnownFileType = sourcecode.swift; path = ViewController.swift; sourceTree = "<group>"; };
		AC94D188287F3F9D00D89479 /* Base */ = {isa = PBXFileReference; lastKnownFileType = file.storyboard; name = Base; path = Base.lproj/Main.storyboard; sourceTree = "<group>"; };
		AC94D18B287F3F9D00D89479 /* Manzara.xcdatamodel */ = {isa = PBXFileReference; lastKnownFileType = wrapper.xcdatamodel; path = Manzara.xcdatamodel; sourceTree = "<group>"; };
		AC94D18D287F3FA400D89479 /* Assets.xcassets */ = {isa = PBXFileReference; lastKnownFileType = folder.assetcatalog; path = Assets.xcassets; sourceTree = "<group>"; };
		AC94D190287F3FA400D89479 /* Base */ = {isa = PBXFileReference; lastKnownFileType = file.storyboard; name = Base; path = Base.lproj/LaunchScreen.storyboard; sourceTree = "<group>"; };
		AC94D192287F3FA400D89479 /* Info.plist */ = {isa = PBXFileReference; lastKnownFileType = text.plist.xml; path = Info.plist; sourceTree = "<group>"; };
		AC94D198287F41DB00D89479 /* DetailsViewController.swift */ = {isa = PBXFileReference; lastKnownFileType = sourcecode.swift; path = DetailsViewController.swift; sourceTree = "<group>"; };
/* End PBXFileReference section */

/* Begin PBXFrameworksBuildPhase section */
		AC94D17B287F3F9D00D89479 /* Frameworks */ = {
			isa = PBXFrameworksBuildPhase;
			buildActionMask = 2147483647;
			files = (
			);
			runOnlyForDeploymentPostprocessing = 0;
		};
/* End PBXFrameworksBuildPhase section */

/* Begin PBXGroup section */
		AC94D175287F3F9D00D89479 = {
			isa = PBXGroup;
			children = (
				AC94D180287F3F9D00D89479 /* Manzara */,
				AC94D17F287F3F9D00D89479 /* Products */,
			);
			sourceTree = "<group>";
		};
		AC94D17F287F3F9D00D89479 /* Products */ = {
			isa = PBXGroup;
			children = (
				AC94D17E287F3F9D00D89479 /* Manzara.app */,
			);
			name = Products;
			sourceTree = "<group>";
		};
		AC94D180287F3F9D00D89479 /* Manzara */ = {
			isa = PBXGroup;
			children = (
				AC94D181287F3F9D00D89479 /* AppDelegate.swift */,
				AC94D183287F3F9D00D89479 /* SceneDelegate.swift */,
				AC94D185287F3F9D00D89479 /* ViewController.swift */,
				AC94D198287F41DB00D89479 /* DetailsViewController.swift */,
				AC94D187287F3F9D00D89479 /* Main.storyboard */,
				AC94D18D287F3FA400D89479 /* Assets.xcassets */,
				AC94D18F287F3FA400D89479 /* LaunchScreen.storyboard */,
				AC94D192287F3FA400D89479 /* Info.plist */,
				AC94D18A287F3F9D00D89479 /* Manzara.xcdatamodeld */,
			);
			path = Manzara;
			sourceTree = "<group>";
		};
/* End PBXGroup section */

/* Begin PBXNativeTarget section */
		AC94D17D287F3F9D00D89479 /* Manzara */ = {
			isa = PBXNativeTarget;
			buildConfigurationList = AC94D195287F3FA400D89479 /* Build configuration list for PBXNativeTarget "Manzara" */;
			buildPhases = (
				AC94D17A287F3F9D00D89479 /* Sources */,
				AC94D17B287F3F9D00D89479 /* Frameworks */,
				AC94D17C287F3F9D00D89479 /* Resources */,
			);
			buildRules = (
			);
			dependencies = (
			);
			name = Manzara;
			productName = Manzara;
			productReference = AC94D17E287F3F9D00D89479 /* Manzara.app */;
			productType = "com.apple.product-type.application";
		};
/* End PBXNativeTarget section */

/* Begin PBXProject section */
		AC94D176287F3F9D00D89479 /* Project object */ = {
			isa = PBXProject;
			attributes = {
				BuildIndependentTargetsInParallel = 1;
				LastSwiftUpdateCheck = 1340;
				LastUpgradeCheck = 1340;
				TargetAttributes = {
					AC94D17D287F3F9D00D89479 = {
						CreatedOnToolsVersion = 13.4.1;
					};
				};
			};
			buildConfigurationList = AC94D179287F3F9D00D89479 /* Build configuration list for PBXProject "Manzara" */;
			compatibilityVersion = "Xcode 13.0";
			developmentRegion = en;
			hasScannedForEncodings = 0;
			knownRegions = (
				en,
				Base,
			);
			mainGroup = AC94D175287F3F9D00D89479;
			productRefGroup = AC94D17F287F3F9D00D89479 /* Products */;
			projectDirPath = "";
			projectRoot = "";
			targets = (
				AC94D17D287F3F9D00D89479 /* Manzara */,
			);
		};
/* End PBXProject section */

/* Begin PBXResourcesBuildPhase section */
		AC94D17C287F3F9D00D89479 /* Resources */ = {
			isa = PBXResourcesBuildPhase;
			buildActionMask = 2147483647;
			files = (
				AC94D191287F3FA400D89479 /* LaunchScreen.storyboard in Resources */,
				AC94D18E287F3FA400D89479 /* Assets.xcassets in Resources */,
				AC94D189287F3F9D00D89479 /* Main.storyboard in Resources */,
			);
			runOnlyForDeploymentPostprocessing = 0;
		};
/* End PBXResourcesBuildPhase section */

/* Begin PBXSourcesBuildPhase section */
		AC94D17A287F3F9D00D89479 /* Sources */ = {
			isa = PBXSourcesBuildPhase;
			buildActionMask = 2147483647;
			files = (
				AC94D186287F3F9D00D89479 /* ViewController.swift in Sources */,
				AC94D182287F3F9D00D89479 /* AppDelegate.swift in Sources */,
				AC94D18C287F3F9D00D89479 /* Manzara.xcdatamodeld in Sources */,
				AC94D184287F3F9D00D89479 /* SceneDelegate.swift in Sources */,
				AC94D199287F41DB00D89479 /* DetailsViewController.swift in Sources */,
			);
			runOnlyForDeploymentPostprocessing = 0;
		};
/* End PBXSourcesBuildPhase section */

/* Begin PBXVariantGroup section */
		AC94D187287F3F9D00D89479 /* Main.storyboard */ = {
			isa = PBXVariantGroup;
			children = (
				AC94D188287F3F9D00D89479 /* Base */,
			);
			name = Main.storyboard;
			sourceTree = "<group>";
		};
		AC94D18F287F3FA400D89479 /* LaunchScreen.storyboard */ = {
			isa = PBXVariantGroup;
			children = (
				AC94D190287F3FA400D89479 /* Base */,
			);
			name = LaunchScreen.storyboard;
			sourceTree = "<group>";
		};
/* End PBXVariantGroup section */

/* Begin XCBuildConfiguration section */
		AC94D193287F3FA400D89479 /* Debug */ = {
			isa = XCBuildConfiguration;
			buildSettings = {
				ALWAYS_SEARCH_USER_PATHS = NO;
				CLANG_ANALYZER_NONNULL = YES;
				CLANG_ANALYZER_NUMBER_OBJECT_CONVERSION = YES_AGGRESSIVE;
				CLANG_CXX_LANGUAGE_STANDARD = "gnu++17";
				CLANG_ENABLE_MODULES = YES;
				CLANG_ENABLE_OBJC_ARC = YES;
				CLANG_ENABLE_OBJC_WEAK = YES;
				CLANG_WARN_BLOCK_CAPTURE_AUTORELEASING = YES;
				CLANG_WARN_BOOL_CONVERSION = YES;
				CLANG_WARN_COMMA = YES;
				CLANG_WARN_CONSTANT_CONVERSION = YES;
				CLANG_WARN_DEPRECATED_OBJC_IMPLEMENTATIONS = YES;
				CLANG_WARN_DIRECT_OBJC_ISA_USAGE = YES_ERROR;
				CLANG_WARN_DOCUMENTATION_COMMENTS = YES;
				CLANG_WARN_EMPTY_BODY = YES;
				CLANG_WARN_ENUM_CONVERSION = YES;
				CLANG_WARN_INFINITE_RECURSION = YES;
				CLANG_WARN_INT_CONVERSION = YES;
				CLANG_WARN_NON_LITERAL_NULL_CONVERSION = YES;
				CLANG_WARN_OBJC_IMPLICIT_RETAIN_SELF = YES;
				CLANG_WARN_OBJC_LITERAL_CONVERSION = YES;
				CLANG_WARN_OBJC_ROOT_CLASS = YES_ERROR;
				CLANG_WARN_QUOTED_INCLUDE_IN_FRAMEWORK_HEADER = YES;
				CLANG_WARN_RANGE_LOOP_ANALYSIS = YES;
				CLANG_WARN_STRICT_PROTOTYPES = YES;
				CLANG_WARN_SUSPICIOUS_MOVE = YES;
				CLANG_WARN_UNGUARDED_AVAILABILITY = YES_AGGRESSIVE;
				CLANG_WARN_UNREACHABLE_CODE = YES;
				CLANG_WARN__DUPLICATE_METHOD_MATCH = YES;
				COPY_PHASE_STRIP = NO;
				DEBUG_INFORMATION_FORMAT = dwarf;
				ENABLE_STRICT_OBJC_MSGSEND = YES;
				ENABLE_TESTABILITY = YES;
				GCC_C_LANGUAGE_STANDARD = gnu11;
				GCC_DYNAMIC_NO_PIC = NO;
				GCC_NO_COMMON_BLOCKS = YES;
				GCC_OPTIMIZATION_LEVEL = 0;
				GCC_PREPROCESSOR_DEFINITIONS = (
					"DEBUG=1",
					"$(inherited)",
				);
				GCC_WARN_64_TO_32_BIT_CONVERSION = YES;
				GCC_WARN_ABOUT_RETURN_TYPE = YES_ERROR;
				GCC_WARN_UNDECLARED_SELECTOR = YES;
				GCC_WARN_UNINITIALIZED_AUTOS = YES_AGGRESSIVE;
				GCC_WARN_UNUSED_FUNCTION = YES;
				GCC_WARN_UNUSED_VARIABLE = YES;
				IPHONEOS_DEPLOYMENT_TARGET = 15.5;
				MTL_ENABLE_DEBUG_INFO = INCLUDE_SOURCE;
				MTL_FAST_MATH = YES;
				ONLY_ACTIVE_ARCH = YES;
				SDKROOT = iphoneos;
				SWIFT_ACTIVE_COMPILATION_CONDITIONS = DEBUG;
				SWIFT_OPTIMIZATION_LEVEL = "-Onone";
			};
			name = Debug;
		};
		AC94D194287F3FA400D89479 /* Release */ = {
			isa = XCBuildConfiguration;
			buildSettings = {
				ALWAYS_SEARCH_USER_PATHS = NO;
				CLANG_ANALYZER_NONNULL = YES;
				CLANG_ANALYZER_NUMBER_OBJECT_CONVERSION = YES_AGGRESSIVE;
				CLANG_CXX_LANGUAGE_STANDARD = "gnu++17";
				CLANG_ENABLE_MODULES = YES;
				CLANG_ENABLE_OBJC_ARC = YES;
				CLANG_ENABLE_OBJC_WEAK = YES;
				CLANG_WARN_BLOCK_CAPTURE_AUTORELEASING = YES;
				CLANG_WARN_BOOL_CONVERSION = YES;
				CLANG_WARN_COMMA = YES;
				CLANG_WARN_CONSTANT_CONVERSION = YES;
				CLANG_WARN_DEPRECATED_OBJC_IMPLEMENTATIONS = YES;
				CLANG_WARN_DIRECT_OBJC_ISA_USAGE = YES_ERROR;
				CLANG_WARN_DOCUMENTATION_COMMENTS = YES;
				CLANG_WARN_EMPTY_BODY = YES;
				CLANG_WARN_ENUM_CONVERSION = YES;
				CLANG_WARN_INFINITE_RECURSION = YES;
				CLANG_WARN_INT_CONVERSION = YES;
				CLANG_WARN_NON_LITERAL_NULL_CONVERSION = YES;
				CLANG_WARN_OBJC_IMPLICIT_RETAIN_SELF = YES;
				CLANG_WARN_OBJC_LITERAL_CONVERSION = YES;
				CLANG_WARN_OBJC_ROOT_CLASS = YES_ERROR;
				CLANG_WARN_QUOTED_INCLUDE_IN_FRAMEWORK_HEADER = YES;
				CLANG_WARN_RANGE_LOOP_ANALYSIS = YES;
				CLANG_WARN_STRICT_PROTOTYPES = YES;
				CLANG_WARN_SUSPICIOUS_MOVE = YES;
				CLANG_WARN_UNGUARDED_AVAILABILITY = YES_AGGRESSIVE;
				CLANG_WARN_UNREACHABLE_CODE = YES;
				CLANG_WARN__DUPLICATE_METHOD_MATCH = YES;
				COPY_PHASE_STRIP = NO;
				DEBUG_INFORMATION_FORMAT = "dwarf-with-dsym";
				ENABLE_NS_ASSERTIONS = NO;
				ENABLE_STRICT_OBJC_MSGSEND = YES;
				GCC_C_LANGUAGE_STANDARD = gnu11;
				GCC_NO_COMMON_BLOCKS = YES;
				GCC_WARN_64_TO_32_BIT_CONVERSION = YES;
				GCC_WARN_ABOUT_RETURN_TYPE = YES_ERROR;
				GCC_WARN_UNDECLARED_SELECTOR = YES;
				GCC_WARN_UNINITIALIZED_AUTOS = YES_AGGRESSIVE;
				GCC_WARN_UNUSED_FUNCTION = YES;
				GCC_WARN_UNUSED_VARIABLE = YES;
				IPHONEOS_DEPLOYMENT_TARGET = 15.5;
				MTL_ENABLE_DEBUG_INFO = NO;
				MTL_FAST_MATH = YES;
				SDKROOT = iphoneos;
				SWIFT_COMPILATION_MODE = wholemodule;
				SWIFT_OPTIMIZATION_LEVEL = "-O";
				VALIDATE_PRODUCT = YES;
			};
			name = Release;
		};
		AC94D196287F3FA400D89479 /* Debug */ = {
			isa = XCBuildConfiguration;
			buildSettings = {
				ASSETCATALOG_COMPILER_APPICON_NAME = AppIcon;
				ASSETCATALOG_COMPILER_GLOBAL_ACCENT_COLOR_NAME = AccentColor;
				CODE_SIGN_STYLE = Automatic;
				CURRENT_PROJECT_VERSION = 1;
				DEVELOPMENT_TEAM = J7WDD62VCL;
				GENERATE_INFOPLIST_FILE = YES;
				INFOPLIST_FILE = Manzara/Info.plist;
				INFOPLIST_KEY_UIApplicationSupportsIndirectInputEvents = YES;
				INFOPLIST_KEY_UILaunchStoryboardName = LaunchScreen;
				INFOPLIST_KEY_UIMainStoryboardFile = Main;
				INFOPLIST_KEY_UISupportedInterfaceOrientations_iPad = "UIInterfaceOrientationPortrait UIInterfaceOrientationPortraitUpsideDown UIInterfaceOrientationLandscapeLeft UIInterfaceOrientationLandscapeRight";
				INFOPLIST_KEY_UISupportedInterfaceOrientations_iPhone = "UIInterfaceOrientationPortrait UIInterfaceOrientationLandscapeLeft UIInterfaceOrientationLandscapeRight";
				LD_RUNPATH_SEARCH_PATHS = (
					"$(inherited)",
					"@executable_path/Frameworks",
				);
				MARKETING_VERSION = 1.0;
				PRODUCT_BUNDLE_IDENTIFIER = com.muhsincanyilmaz.Manzara;
				PRODUCT_NAME = "$(TARGET_NAME)";
				SWIFT_EMIT_LOC_STRINGS = YES;
				SWIFT_VERSION = 5.0;
				TARGETED_DEVICE_FAMILY = "1,2";
			};
			name = Debug;
		};
		AC94D197287F3FA400D89479 /* Release */ = {
			isa = XCBuildConfiguration;
			buildSettings = {
				ASSETCATALOG_COMPILER_APPICON_NAME = AppIcon;
				ASSETCATALOG_COMPILER_GLOBAL_ACCENT_COLOR_NAME = AccentColor;
				CODE_SIGN_STYLE = Automatic;
				CURRENT_PROJECT_VERSION = 1;
				DEVELOPMENT_TEAM = J7WDD62VCL;
				GENERATE_INFOPLIST_FILE = YES;
				INFOPLIST_FILE = Manzara/Info.plist;
				INFOPLIST_KEY_UIApplicationSupportsIndirectInputEvents = YES;
				INFOPLIST_KEY_UILaunchStoryboardName = LaunchScreen;
				INFOPLIST_KEY_UIMainStoryboardFile = Main;
				INFOPLIST_KEY_UISupportedInterfaceOrientations_iPad = "UIInterfaceOrientationPortrait UIInterfaceOrientationPortraitUpsideDown UIInterfaceOrientationLandscapeLeft UIInterfaceOrientationLandscapeRight";
				INFOPLIST_KEY_UISupportedInterfaceOrientations_iPhone = "UIInterfaceOrientationPortrait UIInterfaceOrientationLandscapeLeft UIInterfaceOrientationLandscapeRight";
				LD_RUNPATH_SEARCH_PATHS = (
					"$(inherited)",
					"@executable_path/Frameworks",
				);
				MARKETING_VERSION = 1.0;
				PRODUCT_BUNDLE_IDENTIFIER = com.muhsincanyilmaz.Manzara;
				PRODUCT_NAME = "$(TARGET_NAME)";
				SWIFT_EMIT_LOC_STRINGS = YES;
				SWIFT_VERSION = 5.0;
				TARGETED_DEVICE_FAMILY = "1,2";
			};
			name = Release;
		};
/* End XCBuildConfiguration section */

/* Begin XCConfigurationList section */
		AC94D179287F3F9D00D89479 /* Build configuration list for PBXProject "Manzara" */ = {
			isa = XCConfigurationList;
			buildConfigurations = (
				AC94D193287F3FA400D89479 /* Debug */,
				AC94D194287F3FA400D89479 /* Release */,
			);
			defaultConfigurationIsVisible = 0;
			defaultConfigurationName = Release;
		};
		AC94D195287F3FA400D89479 /* Build configuration list for PBXNativeTarget "Manzara" */ = {
			isa = XCConfigurationList;
			buildConfigurations = (
				AC94D196287F3FA400D89479 /* Debug */,
				AC94D197287F3FA400D89479 /* Release */,
			);
			defaultConfigurationIsVisible = 0;
			defaultConfigurationName = Release;
		};
/* End XCConfigurationList section */

/* Begin XCVersionGroup section */
		AC94D18A287F3F9D00D89479 /* Manzara.xcdatamodeld */ = {
			isa = XCVersionGroup;
			children = (
				AC94D18B287F3F9D00D89479 /* Manzara.xcdatamodel */,
			);
			currentVersion = AC94D18B287F3F9D00D89479 /* Manzara.xcdatamodel */;
			path = Manzara.xcdatamodeld;
			sourceTree = "<group>";
			versionGroupType = wrapper.xcdatamodel;
		};
/* End XCVersionGroup section */
	};
	rootObject = AC94D176287F3F9D00D89479 /* Project object */;
}
